
Microsoft Visual Studio Solution File, Format Version 12.00
# Visual Studio Version 17
VisualStudioVersion = 17.9.34902.65
MinimumVisualStudioVersion = 10.0.40219.1
Project("{888888A0-9F3D-457C-B088-3A5042F75D52}") = "Support_Vector_Regression(SVR)_Application", "Support_Vector_Regression(SVR)_Application.pyproj", "{3366F48E-DEC1-4F01-A07A-E219274810C1}"
EndProject
Global
	GlobalSection(SolutionConfigurationPlatforms) = preSolution
		Debug|Any CPU = Debug|Any CPU
		Release|Any CPU = Release|Any CPU
	EndGlobalSection
	GlobalSection(ProjectConfigurationPlatforms) = postSolution
		{3366F48E-DEC1-4F01-A07A-E219274810C1}.Debug|Any CPU.ActiveCfg = Debug|Any CPU
		{3366F48E-DEC1-4F01-A07A-E219274810C1}.Release|Any CPU.ActiveCfg = Release|Any CPU
	EndGlobalSection
	GlobalSection(SolutionProperties) = preSolution
		HideSolutionNode = FALSE
	EndGlobalSection
	GlobalSection(ExtensibilityGlobals) = postSolution
		SolutionGuid = {5EA99D31-13CC-4E2E-B592-BDD507E583C3}
	EndGlobalSection
EndGlobal
