
Microsoft Visual Studio Solution File, Format Version 12.00
# Visual Studio Version 17
VisualStudioVersion = 17.9.34902.65
MinimumVisualStudioVersion = 10.0.40219.1
Project("{888888A0-9F3D-457C-B088-3A5042F75D52}") = "Final_Classification_Template", "Final_Classification_Template.pyproj", "{7EB7CFEF-BA90-49E0-8543-49956BE1ABFA}"
EndProject
Global
	GlobalSection(SolutionConfigurationPlatforms) = preSolution
		Debug|Any CPU = Debug|Any CPU
		Release|Any CPU = Release|Any CPU
	EndGlobalSection
	GlobalSection(ProjectConfigurationPlatforms) = postSolution
		{7EB7CFEF-BA90-49E0-8543-49956BE1ABFA}.Debug|Any CPU.ActiveCfg = Debug|Any CPU
		{7EB7CFEF-BA90-49E0-8543-49956BE1ABFA}.Release|Any CPU.ActiveCfg = Release|Any CPU
	EndGlobalSection
	GlobalSection(SolutionProperties) = preSolution
		HideSolutionNode = FALSE
	EndGlobalSection
	GlobalSection(ExtensibilityGlobals) = postSolution
		SolutionGuid = {F755F5F0-AC9B-45B1-BC3D-DBF395E00591}
	EndGlobalSection
EndGlobal
