
Microsoft Visual Studio Solution File, Format Version 12.00
# Visual Studio Version 17
VisualStudioVersion = 17.9.34902.65
MinimumVisualStudioVersion = 10.0.40219.1
Project("{888888A0-9F3D-457C-B088-3A5042F75D52}") = "Decision_Tree_Application", "Decision_Tree_Application.pyproj", "{B9DDEB63-5E52-4E33-98B6-9A6DD61053B0}"
EndProject
Global
	GlobalSection(SolutionConfigurationPlatforms) = preSolution
		Debug|Any CPU = Debug|Any CPU
		Release|Any CPU = Release|Any CPU
	EndGlobalSection
	GlobalSection(ProjectConfigurationPlatforms) = postSolution
		{B9DDEB63-5E52-4E33-98B6-9A6DD61053B0}.Debug|Any CPU.ActiveCfg = Debug|Any CPU
		{B9DDEB63-5E52-4E33-98B6-9A6DD61053B0}.Release|Any CPU.ActiveCfg = Release|Any CPU
	EndGlobalSection
	GlobalSection(SolutionProperties) = preSolution
		HideSolutionNode = FALSE
	EndGlobalSection
	GlobalSection(ExtensibilityGlobals) = postSolution
		SolutionGuid = {C9E2B6C5-9CEE-4128-8716-BD3EBB21F1E2}
	EndGlobalSection
EndGlobal
