
Microsoft Visual Studio Solution File, Format Version 12.00
# Visual Studio Version 17
VisualStudioVersion = 17.9.34902.65
MinimumVisualStudioVersion = 10.0.40219.1
Project("{888888A0-9F3D-457C-B088-3A5042F75D52}") = "K_Means_Application", "K_Means_Application.pyproj", "{F3586FDF-523C-45D1-B187-015DC9D47FE1}"
EndProject
Global
	GlobalSection(SolutionConfigurationPlatforms) = preSolution
		Debug|Any CPU = Debug|Any CPU
		Release|Any CPU = Release|Any CPU
	EndGlobalSection
	GlobalSection(ProjectConfigurationPlatforms) = postSolution
		{F3586FDF-523C-45D1-B187-015DC9D47FE1}.Debug|Any CPU.ActiveCfg = Debug|Any CPU
		{F3586FDF-523C-45D1-B187-015DC9D47FE1}.Release|Any CPU.ActiveCfg = Release|Any CPU
	EndGlobalSection
	GlobalSection(SolutionProperties) = preSolution
		HideSolutionNode = FALSE
	EndGlobalSection
	GlobalSection(ExtensibilityGlobals) = postSolution
		SolutionGuid = {8E73134C-913A-475F-A761-0B0394E92023}
	EndGlobalSection
EndGlobal
