
Microsoft Visual Studio Solution File, Format Version 12.00
# Visual Studio Version 17
VisualStudioVersion = 17.9.34902.65
MinimumVisualStudioVersion = 10.0.40219.1
Project("{888888A0-9F3D-457C-B088-3A5042F75D52}") = "Missing_Data", "Missing_Data.pyproj", "{216CE98F-3175-4E2C-8BB6-256A953BF838}"
EndProject
Global
	GlobalSection(SolutionConfigurationPlatforms) = preSolution
		Debug|Any CPU = Debug|Any CPU
		Release|Any CPU = Release|Any CPU
	EndGlobalSection
	GlobalSection(ProjectConfigurationPlatforms) = postSolution
		{216CE98F-3175-4E2C-8BB6-256A953BF838}.Debug|Any CPU.ActiveCfg = Debug|Any CPU
		{216CE98F-3175-4E2C-8BB6-256A953BF838}.Release|Any CPU.ActiveCfg = Release|Any CPU
	EndGlobalSection
	GlobalSection(SolutionProperties) = preSolution
		HideSolutionNode = FALSE
	EndGlobalSection
	GlobalSection(ExtensibilityGlobals) = postSolution
		SolutionGuid = {78838829-1A72-4FA7-A378-DC97AD266E3B}
	EndGlobalSection
EndGlobal
